# This file is autogenerated, do not edit; changes may be undone by the next 'dep ensure'.


[[projects]]
  branch = "master"
  digest = "1:d8494da300984663e9f09b54b1f83509cf144404a95b8ca65c77a0933402372c"
  name = "github.com/GuiaBolso/darwin"
  packages = ["."]
  pruneopts = "UT"
  revision = "86919dfcf80873d58ea2e527c15b1e02a5636ead"

[[projects]]
  digest = "1:6c8d51660e50d38116fe8c29eefc00ce856300329993980f7ce7333a522a6a99"
  name = "github.com/aws/aws-lambda-go"
  packages = [
    "events",
    "lambda",
    "lambda/messages",
    "lambdacontext",
  ]
  pruneopts = "UT"
  revision = "4d30d0ff60440c2d0480a15747c96ee71c3c53d4"
  version = "v1.2.0"

[[projects]]
  digest = "1:adea5a94903eb4384abef30f3d878dc9ff6b6b5b0722da25b82e5169216dfb61"
  name = "github.com/go-sql-driver/mysql"
  packages = ["."]
  pruneopts = "UT"
  revision = "d523deb1b23d913de5bdada721a6071e71283618"
  version = "v1.4.0"

[[projects]]
  branch = "master"
  digest = "1:522c23b6f019a4cc3a5aee0e44c9ce268b9930e9362c75c7df91e4b14f02ecef"
  name = "github.com/graph-gophers/graphql-go"
  packages = [
    ".",
    "errors",
    "internal/common",
    "internal/exec",
    "internal/exec/packer",
    "internal/exec/resolvable",
    "internal/exec/selected",
    "internal/query",
    "internal/schema",
    "internal/validation",
    "introspection",
    "log",
    "trace",
  ]
  pruneopts = "UT"
  revision = "bb9738501bd42a6536227b96068349b814379d6e"

[[projects]]
  digest = "1:c5c021f6d813011a09b34e373c7a02464cae764f4a92bbbc63d2431ee46887d8"
  name = "github.com/graphql-go/graphql"
  packages = [
    "gqlerrors",
    "language/ast",
    "language/kinds",
    "language/location",
    "language/source",
  ]
  pruneopts = "UT"
  revision = "1e23489041ba90a66f317fe0deccb236a2fff3cb"
  version = "v0.7.5"

[[projects]]
  digest = "1:235ae01f32fb5f12c5f6d2e0e05ab48e651ab31c126e45a4efc4f510810941ac"
  name = "github.com/jinzhu/gorm"
  packages = ["."]
  pruneopts = "UT"
  revision = "6ed508ec6a4ecb3531899a69cbc746ccf65a4166"
  version = "v1.9.1"

[[projects]]
  branch = "master"
  digest = "1:fd97437fbb6b7dce04132cf06775bd258cce305c44add58eb55ca86c6c325160"
  name = "github.com/jinzhu/inflection"
  packages = ["."]
  pruneopts = "UT"
  revision = "04140366298a54a039076d798123ffa108fff46c"

[[projects]]
  digest = "1:450b7623b185031f3a456801155c8320209f75d0d4c4e633c6b1e59d44d6e392"
  name = "github.com/opentracing/opentracing-go"
  packages = [
    ".",
    "ext",
    "log",
  ]
  pruneopts = "UT"
  revision = "1949ddbfd147afd4d964a9f00b24eb291e0e7c38"
  version = "v1.0.2"

[[projects]]
  branch = "master"
  digest = "1:76ee51c3f468493aff39dbacc401e8831fbb765104cbf613b89bef01cf4bad70"
  name = "golang.org/x/net"
  packages = ["context"]
  pruneopts = "UT"
  revision = "1e491301e022f8f977054da4c2d852decd59571f"

[[projects]]
  digest = "1:c25289f43ac4a68d88b02245742347c94f1e108c534dda442188015ff80669b3"
  name = "google.golang.org/appengine"
  packages = ["cloudsql"]
  pruneopts = "UT"
  revision = "150dc57a1b433e64154302bdc40b6bb8aefa313a"
  version = "v1.0.0"

[[projects]]
  digest = "1:342378ac4dcb378a5448dd723f0784ae519383532f5e70ade24132c4c8693202"
  name = "gopkg.in/yaml.v2"
  packages = ["."]
  pruneopts = "UT"
  revision = "5420a8b6744d3b0345ab293f6fcba19c978f1183"
  version = "v2.2.1"

[solve-meta]
  analyzer-name = "dep"
  analyzer-version = 1
  input-imports = [
    "github.com/GuiaBolso/darwin",
    "github.com/aws/aws-lambda-go/events",
    "github.com/aws/aws-lambda-go/lambda",
    "github.com/go-sql-driver/mysql",
    "github.com/graph-gophers/graphql-go",
    "github.com/graphql-go/graphql/gqlerrors",
    "github.com/jinzhu/gorm",
    "gopkg.in/yaml.v2",
  ]
  solver-name = "gps-cdcl"
  solver-version = 1
